
Microsoft Visual Studio Solution File, Format Version 12.00
# Visual Studio Version 17
VisualStudioVersion = 17.14.36511.14 d17.14
MinimumVisualStudioVersion = 10.0.40219.1
Project("{FAE04EC0-301F-11D3-BF4B-00C04F79EFBC}") = "THLab6", "THLab6.csproj", "{92448467-62CC-46B6-B56E-43D60EDEA803}"
EndProject
Global
	GlobalSection(SolutionConfigurationPlatforms) = preSolution
		Debug|Any CPU = Debug|Any CPU
		Release|Any CPU = Release|Any CPU
	EndGlobalSection
	GlobalSection(ProjectConfigurationPlatforms) = postSolution
		{92448467-62CC-46B6-B56E-43D60EDEA803}.Debug|Any CPU.ActiveCfg = Debug|Any CPU
		{92448467-62CC-46B6-B56E-43D60EDEA803}.Debug|Any CPU.Build.0 = Debug|Any CPU
		{92448467-62CC-46B6-B56E-43D60EDEA803}.Release|Any CPU.ActiveCfg = Release|Any CPU
		{92448467-62CC-46B6-B56E-43D60EDEA803}.Release|Any CPU.Build.0 = Release|Any CPU
	EndGlobalSection
	GlobalSection(SolutionProperties) = preSolution
		HideSolutionNode = FALSE
	EndGlobalSection
	GlobalSection(ExtensibilityGlobals) = postSolution
		SolutionGuid = {4E112242-F563-4CAA-9214-B939C605251B}
	EndGlobalSection
EndGlobal
