
Microsoft Visual Studio Solution File, Format Version 12.00
# Visual Studio Version 17
VisualStudioVersion = 17.14.36414.22 d17.14
MinimumVisualStudioVersion = 10.0.40219.1
Project("{FAE04EC0-301F-11D3-BF4B-00C04F79EFBC}") = "THLab3", "THLab3.csproj", "{B92584C4-4D7C-4714-9639-3F7515476F47}"
EndProject
Global
	GlobalSection(SolutionConfigurationPlatforms) = preSolution
		Debug|Any CPU = Debug|Any CPU
		Release|Any CPU = Release|Any CPU
	EndGlobalSection
	GlobalSection(ProjectConfigurationPlatforms) = postSolution
		{B92584C4-4D7C-4714-9639-3F7515476F47}.Debug|Any CPU.ActiveCfg = Debug|Any CPU
		{B92584C4-4D7C-4714-9639-3F7515476F47}.Debug|Any CPU.Build.0 = Debug|Any CPU
		{B92584C4-4D7C-4714-9639-3F7515476F47}.Release|Any CPU.ActiveCfg = Release|Any CPU
		{B92584C4-4D7C-4714-9639-3F7515476F47}.Release|Any CPU.Build.0 = Release|Any CPU
	EndGlobalSection
	GlobalSection(SolutionProperties) = preSolution
		HideSolutionNode = FALSE
	EndGlobalSection
	GlobalSection(ExtensibilityGlobals) = postSolution
		SolutionGuid = {3C623B2A-FCD2-43C5-9838-54B9B8D7BBC3}
	EndGlobalSection
EndGlobal
