
Microsoft Visual Studio Solution File, Format Version 12.00
# Visual Studio Version 17
VisualStudioVersion = 17.14.36414.22 d17.14
MinimumVisualStudioVersion = 10.0.40219.1
Project("{FAE04EC0-301F-11D3-BF4B-00C04F79EFBC}") = "AdminLayout", "AdminLayout.csproj", "{F8F4EB30-D24E-4F2A-9D5C-AE856CC7474D}"
EndProject
Global
	GlobalSection(SolutionConfigurationPlatforms) = preSolution
		Debug|Any CPU = Debug|Any CPU
		Release|Any CPU = Release|Any CPU
	EndGlobalSection
	GlobalSection(ProjectConfigurationPlatforms) = postSolution
		{F8F4EB30-D24E-4F2A-9D5C-AE856CC7474D}.Debug|Any CPU.ActiveCfg = Debug|Any CPU
		{F8F4EB30-D24E-4F2A-9D5C-AE856CC7474D}.Debug|Any CPU.Build.0 = Debug|Any CPU
		{F8F4EB30-D24E-4F2A-9D5C-AE856CC7474D}.Release|Any CPU.ActiveCfg = Release|Any CPU
		{F8F4EB30-D24E-4F2A-9D5C-AE856CC7474D}.Release|Any CPU.Build.0 = Release|Any CPU
	EndGlobalSection
	GlobalSection(SolutionProperties) = preSolution
		HideSolutionNode = FALSE
	EndGlobalSection
	GlobalSection(ExtensibilityGlobals) = postSolution
		SolutionGuid = {438CF242-334D-4C62-87FE-3ECE93486113}
	EndGlobalSection
EndGlobal
